
Microsoft Visual Studio Solution File, Format Version 12.00
Project("{FAE04EC0-301F-11D3-BF4B-00C04F79EFBC}") = "MiSide_AlwaysRun", "MiSide_AlwaysRun.csproj", "{71FFF7BA-1292-4237-9ABB-5445CF4C385D}"
EndProject
Global
	GlobalSection(SolutionConfigurationPlatforms) = preSolution
		Debug|Any CPU = Debug|Any CPU
		Release|Any CPU = Release|Any CPU
	EndGlobalSection
	GlobalSection(ProjectConfigurationPlatforms) = postSolution
		{71FFF7BA-1292-4237-9ABB-5445CF4C385D}.Debug|Any CPU.ActiveCfg = Debug|Any CPU
		{71FFF7BA-1292-4237-9ABB-5445CF4C385D}.Debug|Any CPU.Build.0 = Debug|Any CPU
		{71FFF7BA-1292-4237-9ABB-5445CF4C385D}.Release|Any CPU.ActiveCfg = Release|Any CPU
		{71FFF7BA-1292-4237-9ABB-5445CF4C385D}.Release|Any CPU.Build.0 = Release|Any CPU
	EndGlobalSection
EndGlobal
